
Microsoft Visual Studio Solution File, Format Version 12.00
# Visual Studio Version 16
VisualStudioVersion = 16.0.35931.194
MinimumVisualStudioVersion = 10.0.40219.1
Project("{FAE04EC0-301F-11D3-BF4B-00C04F79EFBC}") = "NoMoreTrashMono", "NoMoreTrashMono\NoMoreTrashMono.csproj", "{BE82EA52-085C-4E40-923B-E451789032EA}"
EndProject
Global
	GlobalSection(SolutionConfigurationPlatforms) = preSolution
		Debug|Any CPU = Debug|Any CPU
		Release|Any CPU = Release|Any CPU
	EndGlobalSection
	GlobalSection(ProjectConfigurationPlatforms) = postSolution
		{BE82EA52-085C-4E40-923B-E451789032EA}.Debug|Any CPU.ActiveCfg = Debug|Any CPU
		{BE82EA52-085C-4E40-923B-E451789032EA}.Debug|Any CPU.Build.0 = Debug|Any CPU
		{BE82EA52-085C-4E40-923B-E451789032EA}.Release|Any CPU.ActiveCfg = Release|Any CPU
		{BE82EA52-085C-4E40-923B-E451789032EA}.Release|Any CPU.Build.0 = Release|Any CPU
	EndGlobalSection
	GlobalSection(SolutionProperties) = preSolution
		HideSolutionNode = FALSE
	EndGlobalSection
	GlobalSection(ExtensibilityGlobals) = postSolution
		SolutionGuid = {AAAFE898-383C-471C-A338-D180031B9916}
	EndGlobalSection
EndGlobal
